
Microsoft Visual Studio Solution File, Format Version 12.00
# Visual Studio Version 17
VisualStudioVersion = 17.0.31903.59
MinimumVisualStudioVersion = 10.0.40219.1
Project("{2150E333-8FDC-42A3-9474-1A3956D46DE8}") = "src", "src", "{AC2F292E-F726-41AC-A810-6EB6D7810184}"
EndProject
Project("{FAE04EC0-301F-11D3-BF4B-00C04F79EFBC}") = "Ripcord.App", "src\Ripcord.App\Ripcord.App.csproj", "{4CDE103A-33C4-44E8-8684-4508E0C39495}"
EndProject
Project("{FAE04EC0-301F-11D3-BF4B-00C04F79EFBC}") = "Ripcord.Broker", "src\Ripcord.Broker\Ripcord.Broker.csproj", "{8B314BAC-C3AE-4390-9A5B-934EED771EF0}"
EndProject
Project("{FAE04EC0-301F-11D3-BF4B-00C04F79EFBC}") = "Ripcord.CLI", "src\Ripcord.CLI\Ripcord.CLI.csproj", "{E05121F4-1F99-4F7D-81F8-6C57E8B98F15}"
EndProject
Project("{FAE04EC0-301F-11D3-BF4B-00C04F79EFBC}") = "Ripcord.Engine", "src\Ripcord.Engine\Ripcord.Engine.csproj", "{62EAD850-8514-4613-82E1-B89B6CA37CA9}"
EndProject
Project("{FAE04EC0-301F-11D3-BF4B-00C04F79EFBC}") = "Ripcord.Infrastructure", "src\Ripcord.Infrastructure\Ripcord.Infrastructure.csproj", "{B626D406-FF0D-47B0-A1C2-3F0457CAE2F6}"
EndProject
Project("{FAE04EC0-301F-11D3-BF4B-00C04F79EFBC}") = "Ripcord.Receipts", "src\Ripcord.Receipts\Ripcord.Receipts.csproj", "{D608367E-F2C9-4EEB-A411-D51839835C53}"
EndProject
Project("{2150E333-8FDC-42A3-9474-1A3956D46DE8}") = "tests", "tests", "{783A77FD-C246-4F40-83D7-6DAC0D762539}"
EndProject
Project("{FAE04EC0-301F-11D3-BF4B-00C04F79EFBC}") = "E2E.Tests", "tests\E2E.Tests\E2E.Tests.csproj", "{A722861D-5469-4573-8A71-71FD2241D423}"
EndProject
Project("{FAE04EC0-301F-11D3-BF4B-00C04F79EFBC}") = "Engine.Tests", "tests\Engine.Tests\Engine.Tests.csproj", "{D7EB20C3-C9F7-4CD4-8AB2-0C8EEAA6F465}"
EndProject
Project("{FAE04EC0-301F-11D3-BF4B-00C04F79EFBC}") = "Perf.Benchmarks", "tests\Perf.Benchmarks\Perf.Benchmarks.csproj", "{A858E921-7D7F-47F0-AC19-4C8F0CBB31FE}"
EndProject
Global
	GlobalSection(SolutionConfigurationPlatforms) = preSolution
		Debug|Any CPU = Debug|Any CPU
		Release|Any CPU = Release|Any CPU
	EndGlobalSection
	GlobalSection(SolutionProperties) = preSolution
		HideSolutionNode = FALSE
	EndGlobalSection
	GlobalSection(ProjectConfigurationPlatforms) = postSolution
		{4CDE103A-33C4-44E8-8684-4508E0C39495}.Debug|Any CPU.ActiveCfg = Debug|x64
		{4CDE103A-33C4-44E8-8684-4508E0C39495}.Debug|Any CPU.Build.0 = Debug|x64
		{4CDE103A-33C4-44E8-8684-4508E0C39495}.Release|Any CPU.ActiveCfg = Release|x64
		{4CDE103A-33C4-44E8-8684-4508E0C39495}.Release|Any CPU.Build.0 = Release|x64
		{8B314BAC-C3AE-4390-9A5B-934EED771EF0}.Debug|Any CPU.ActiveCfg = Debug|x64
		{8B314BAC-C3AE-4390-9A5B-934EED771EF0}.Debug|Any CPU.Build.0 = Debug|x64
		{8B314BAC-C3AE-4390-9A5B-934EED771EF0}.Release|Any CPU.ActiveCfg = Release|x64
		{8B314BAC-C3AE-4390-9A5B-934EED771EF0}.Release|Any CPU.Build.0 = Release|x64
		{E05121F4-1F99-4F7D-81F8-6C57E8B98F15}.Debug|Any CPU.ActiveCfg = Debug|Any CPU
		{E05121F4-1F99-4F7D-81F8-6C57E8B98F15}.Debug|Any CPU.Build.0 = Debug|Any CPU
		{E05121F4-1F99-4F7D-81F8-6C57E8B98F15}.Release|Any CPU.ActiveCfg = Release|Any CPU
		{E05121F4-1F99-4F7D-81F8-6C57E8B98F15}.Release|Any CPU.Build.0 = Release|Any CPU
		{62EAD850-8514-4613-82E1-B89B6CA37CA9}.Debug|Any CPU.ActiveCfg = Debug|Any CPU
		{62EAD850-8514-4613-82E1-B89B6CA37CA9}.Debug|Any CPU.Build.0 = Debug|Any CPU
		{62EAD850-8514-4613-82E1-B89B6CA37CA9}.Release|Any CPU.ActiveCfg = Release|Any CPU
		{62EAD850-8514-4613-82E1-B89B6CA37CA9}.Release|Any CPU.Build.0 = Release|Any CPU
		{B626D406-FF0D-47B0-A1C2-3F0457CAE2F6}.Debug|Any CPU.ActiveCfg = Debug|Any CPU
		{B626D406-FF0D-47B0-A1C2-3F0457CAE2F6}.Debug|Any CPU.Build.0 = Debug|Any CPU
		{B626D406-FF0D-47B0-A1C2-3F0457CAE2F6}.Release|Any CPU.ActiveCfg = Release|Any CPU
		{B626D406-FF0D-47B0-A1C2-3F0457CAE2F6}.Release|Any CPU.Build.0 = Release|Any CPU
		{D608367E-F2C9-4EEB-A411-D51839835C53}.Debug|Any CPU.ActiveCfg = Debug|Any CPU
		{D608367E-F2C9-4EEB-A411-D51839835C53}.Debug|Any CPU.Build.0 = Debug|Any CPU
		{D608367E-F2C9-4EEB-A411-D51839835C53}.Release|Any CPU.ActiveCfg = Release|Any CPU
		{D608367E-F2C9-4EEB-A411-D51839835C53}.Release|Any CPU.Build.0 = Release|Any CPU
		{A722861D-5469-4573-8A71-71FD2241D423}.Debug|Any CPU.ActiveCfg = Debug|Any CPU
		{A722861D-5469-4573-8A71-71FD2241D423}.Debug|Any CPU.Build.0 = Debug|Any CPU
		{A722861D-5469-4573-8A71-71FD2241D423}.Release|Any CPU.ActiveCfg = Release|Any CPU
		{A722861D-5469-4573-8A71-71FD2241D423}.Release|Any CPU.Build.0 = Release|Any CPU
		{D7EB20C3-C9F7-4CD4-8AB2-0C8EEAA6F465}.Debug|Any CPU.ActiveCfg = Debug|Any CPU
		{D7EB20C3-C9F7-4CD4-8AB2-0C8EEAA6F465}.Debug|Any CPU.Build.0 = Debug|Any CPU
		{D7EB20C3-C9F7-4CD4-8AB2-0C8EEAA6F465}.Release|Any CPU.ActiveCfg = Release|Any CPU
		{D7EB20C3-C9F7-4CD4-8AB2-0C8EEAA6F465}.Release|Any CPU.Build.0 = Release|Any CPU
		{A858E921-7D7F-47F0-AC19-4C8F0CBB31FE}.Debug|Any CPU.ActiveCfg = Debug|Any CPU
		{A858E921-7D7F-47F0-AC19-4C8F0CBB31FE}.Debug|Any CPU.Build.0 = Debug|Any CPU
		{A858E921-7D7F-47F0-AC19-4C8F0CBB31FE}.Release|Any CPU.ActiveCfg = Release|Any CPU
		{A858E921-7D7F-47F0-AC19-4C8F0CBB31FE}.Release|Any CPU.Build.0 = Release|Any CPU
	EndGlobalSection
	GlobalSection(NestedProjects) = preSolution
		{4CDE103A-33C4-44E8-8684-4508E0C39495} = {AC2F292E-F726-41AC-A810-6EB6D7810184}
		{8B314BAC-C3AE-4390-9A5B-934EED771EF0} = {AC2F292E-F726-41AC-A810-6EB6D7810184}
		{E05121F4-1F99-4F7D-81F8-6C57E8B98F15} = {AC2F292E-F726-41AC-A810-6EB6D7810184}
		{62EAD850-8514-4613-82E1-B89B6CA37CA9} = {AC2F292E-F726-41AC-A810-6EB6D7810184}
		{B626D406-FF0D-47B0-A1C2-3F0457CAE2F6} = {AC2F292E-F726-41AC-A810-6EB6D7810184}
		{D608367E-F2C9-4EEB-A411-D51839835C53} = {AC2F292E-F726-41AC-A810-6EB6D7810184}
		{A722861D-5469-4573-8A71-71FD2241D423} = {783A77FD-C246-4F40-83D7-6DAC0D762539}
		{D7EB20C3-C9F7-4CD4-8AB2-0C8EEAA6F465} = {783A77FD-C246-4F40-83D7-6DAC0D762539}
		{A858E921-7D7F-47F0-AC19-4C8F0CBB31FE} = {783A77FD-C246-4F40-83D7-6DAC0D762539}
	EndGlobalSection
EndGlobal
